
Microsoft Visual Studio Solution File, Format Version 12.00
# Visual Studio Version 17
VisualStudioVersion = 17.4.33403.182
MinimumVisualStudioVersion = 10.0.40219.1
Project("{9A19103F-16F7-4668-BE54-9A1E7A4F7556}") = "PRN-Project", "PRN-Project\PRN-Project.csproj", "{B0742BE1-296F-45B8-BB73-934B1C570E6B}"
EndProject
Project("{9A19103F-16F7-4668-BE54-9A1E7A4F7556}") = "NutritionWatcherWebApp", "NutritionWatcherWebApp\NutritionWatcherWebApp.csproj", "{D0B84075-4F8A-4D29-858B-EB8E1D24F6D5}"
EndProject
Project("{FAE04EC0-301F-11D3-BF4B-00C04F79EFBC}") = "DataAccess", "DataAccess\DataAccess.csproj", "{8B5749DA-CDC4-44F8-9FB2-80D322C1032B}"
EndProject
Global
	GlobalSection(SolutionConfigurationPlatforms) = preSolution
		Debug|Any CPU = Debug|Any CPU
		Release|Any CPU = Release|Any CPU
	EndGlobalSection
	GlobalSection(ProjectConfigurationPlatforms) = postSolution
		{B0742BE1-296F-45B8-BB73-934B1C570E6B}.Debug|Any CPU.ActiveCfg = Debug|Any CPU
		{B0742BE1-296F-45B8-BB73-934B1C570E6B}.Debug|Any CPU.Build.0 = Debug|Any CPU
		{B0742BE1-296F-45B8-BB73-934B1C570E6B}.Release|Any CPU.ActiveCfg = Release|Any CPU
		{B0742BE1-296F-45B8-BB73-934B1C570E6B}.Release|Any CPU.Build.0 = Release|Any CPU
		{D0B84075-4F8A-4D29-858B-EB8E1D24F6D5}.Debug|Any CPU.ActiveCfg = Debug|Any CPU
		{D0B84075-4F8A-4D29-858B-EB8E1D24F6D5}.Debug|Any CPU.Build.0 = Debug|Any CPU
		{D0B84075-4F8A-4D29-858B-EB8E1D24F6D5}.Release|Any CPU.ActiveCfg = Release|Any CPU
		{D0B84075-4F8A-4D29-858B-EB8E1D24F6D5}.Release|Any CPU.Build.0 = Release|Any CPU
		{8B5749DA-CDC4-44F8-9FB2-80D322C1032B}.Debug|Any CPU.ActiveCfg = Debug|Any CPU
		{8B5749DA-CDC4-44F8-9FB2-80D322C1032B}.Debug|Any CPU.Build.0 = Debug|Any CPU
		{8B5749DA-CDC4-44F8-9FB2-80D322C1032B}.Release|Any CPU.ActiveCfg = Release|Any CPU
		{8B5749DA-CDC4-44F8-9FB2-80D322C1032B}.Release|Any CPU.Build.0 = Release|Any CPU
	EndGlobalSection
	GlobalSection(SolutionProperties) = preSolution
		HideSolutionNode = FALSE
	EndGlobalSection
	GlobalSection(ExtensibilityGlobals) = postSolution
		SolutionGuid = {E75E6057-2823-44AD-B099-5384C10C8249}
	EndGlobalSection
EndGlobal
